
Microsoft Visual Studio Solution File, Format Version 12.00
# Visual Studio 15
VisualStudioVersion = 15.0.28307.960
MinimumVisualStudioVersion = 10.0.40219.1
Project("{FAE04EC0-301F-11D3-BF4B-00C04F79EFBC}") = "Domain", "Domain\Domain.csproj", "{D5AFDB9B-B90C-4405-B951-9985FDD59919}"
EndProject
Project("{FAE04EC0-301F-11D3-BF4B-00C04F79EFBC}") = "Persistance", "Persistance\Persistance.csproj", "{26A59A55-8378-43EC-8362-5118ABF847ED}"
EndProject
Project("{FAE04EC0-301F-11D3-BF4B-00C04F79EFBC}") = "API", "API\API.csproj", "{6B16646E-13F7-4424-AA63-428E3F59A32F}"
EndProject
Project("{FAE04EC0-301F-11D3-BF4B-00C04F79EFBC}") = "Service", "Service\Service.csproj", "{B462494A-5DDB-4AAE-A36E-3760CDF5A166}"
EndProject
Global
	GlobalSection(SolutionConfigurationPlatforms) = preSolution
		Debug|Any CPU = Debug|Any CPU
		Release|Any CPU = Release|Any CPU
	EndGlobalSection
	GlobalSection(ProjectConfigurationPlatforms) = postSolution
		{D5AFDB9B-B90C-4405-B951-9985FDD59919}.Debug|Any CPU.ActiveCfg = Debug|Any CPU
		{D5AFDB9B-B90C-4405-B951-9985FDD59919}.Debug|Any CPU.Build.0 = Debug|Any CPU
		{D5AFDB9B-B90C-4405-B951-9985FDD59919}.Release|Any CPU.ActiveCfg = Release|Any CPU
		{D5AFDB9B-B90C-4405-B951-9985FDD59919}.Release|Any CPU.Build.0 = Release|Any CPU
		{26A59A55-8378-43EC-8362-5118ABF847ED}.Debug|Any CPU.ActiveCfg = Debug|Any CPU
		{26A59A55-8378-43EC-8362-5118ABF847ED}.Debug|Any CPU.Build.0 = Debug|Any CPU
		{26A59A55-8378-43EC-8362-5118ABF847ED}.Release|Any CPU.ActiveCfg = Release|Any CPU
		{26A59A55-8378-43EC-8362-5118ABF847ED}.Release|Any CPU.Build.0 = Release|Any CPU
		{6B16646E-13F7-4424-AA63-428E3F59A32F}.Debug|Any CPU.ActiveCfg = Debug|Any CPU
		{6B16646E-13F7-4424-AA63-428E3F59A32F}.Debug|Any CPU.Build.0 = Debug|Any CPU
		{6B16646E-13F7-4424-AA63-428E3F59A32F}.Release|Any CPU.ActiveCfg = Release|Any CPU
		{6B16646E-13F7-4424-AA63-428E3F59A32F}.Release|Any CPU.Build.0 = Release|Any CPU
		{B462494A-5DDB-4AAE-A36E-3760CDF5A166}.Debug|Any CPU.ActiveCfg = Debug|Any CPU
		{B462494A-5DDB-4AAE-A36E-3760CDF5A166}.Debug|Any CPU.Build.0 = Debug|Any CPU
		{B462494A-5DDB-4AAE-A36E-3760CDF5A166}.Release|Any CPU.ActiveCfg = Release|Any CPU
		{B462494A-5DDB-4AAE-A36E-3760CDF5A166}.Release|Any CPU.Build.0 = Release|Any CPU
	EndGlobalSection
	GlobalSection(SolutionProperties) = preSolution
		HideSolutionNode = FALSE
	EndGlobalSection
	GlobalSection(ExtensibilityGlobals) = postSolution
		SolutionGuid = {F68E69D4-0DB0-40F9-985C-1265EE27BF16}
	EndGlobalSection
EndGlobal
