
Microsoft Visual Studio Solution File, Format Version 12.00
# Visual Studio 15
VisualStudioVersion = 15.0.28307.960
MinimumVisualStudioVersion = 10.0.40219.1
Project("{FAE04EC0-301F-11D3-BF4B-00C04F79EFBC}") = "Domain", "Domain\Domain.csproj", "{D5AFDB9B-B90C-4405-B951-9985FDD59919}"
EndProject
Global
	GlobalSection(SolutionConfigurationPlatforms) = preSolution
		Debug|Any CPU = Debug|Any CPU
		Release|Any CPU = Release|Any CPU
	EndGlobalSection
	GlobalSection(ProjectConfigurationPlatforms) = postSolution
		{D5AFDB9B-B90C-4405-B951-9985FDD59919}.Debug|Any CPU.ActiveCfg = Debug|Any CPU
		{D5AFDB9B-B90C-4405-B951-9985FDD59919}.Debug|Any CPU.Build.0 = Debug|Any CPU
		{D5AFDB9B-B90C-4405-B951-9985FDD59919}.Release|Any CPU.ActiveCfg = Release|Any CPU
		{D5AFDB9B-B90C-4405-B951-9985FDD59919}.Release|Any CPU.Build.0 = Release|Any CPU
	EndGlobalSection
	GlobalSection(SolutionProperties) = preSolution
		HideSolutionNode = FALSE
	EndGlobalSection
	GlobalSection(ExtensibilityGlobals) = postSolution
		SolutionGuid = {F68E69D4-0DB0-40F9-985C-1265EE27BF16}
	EndGlobalSection
EndGlobal
